// !$*UTF8*$!
{
	archiveVersion = 1;
	classes = {
	};
	objectVersion = 50;
	objects = {

/* Begin PBXBuildFile section */
		F8928C02243A4CDA007A2485 /* AppDelegate.swift in Sources */ = {isa = PBXBuildFile; fileRef = F8928C01243A4CDA007A2485 /* AppDelegate.swift */; };
		F8928C04243A4CDA007A2485 /* SceneDelegate.swift in Sources */ = {isa = PBXBuildFile; fileRef = F8928C03243A4CDA007A2485 /* SceneDelegate.swift */; };
		F8928C06243A4CDA007A2485 /* ContentView.swift in Sources */ = {isa = PBXBuildFile; fileRef = F8928C05243A4CDA007A2485 /* ContentView.swift */; };
		F8928C08243A4CDC007A2485 /* Assets.xcassets in Resources */ = {isa = PBXBuildFile; fileRef = F8928C07243A4CDC007A2485 /* Assets.xcassets */; };
		F8928C0B243A4CDC007A2485 /* Preview Assets.xcassets in Resources */ = {isa = PBXBuildFile; fileRef = F8928C0A243A4CDC007A2485 /* Preview Assets.xcassets */; };
		F8928C0E243A4CDC007A2485 /* LaunchScreen.storyboard in Resources */ = {isa = PBXBuildFile; fileRef = F8928C0C243A4CDC007A2485 /* LaunchScreen.storyboard */; };
		F8928C19243A4CDD007A2485 /* CoveredClassTests.swift in Sources */ = {isa = PBXBuildFile; fileRef = F8928C18243A4CDD007A2485 /* CoveredClassTests.swift */; };
		F8928C24243A4D02007A2485 /* CoveredClass.swift in Sources */ = {isa = PBXBuildFile; fileRef = F8928C23243A4D02007A2485 /* CoveredClass.swift */; };
/* End PBXBuildFile section */

/* Begin PBXContainerItemProxy section */
		F8928C15243A4CDD007A2485 /* PBXContainerItemProxy */ = {
			isa = PBXContainerItemProxy;
			containerPortal = F8928BF6243A4CDA007A2485 /* Project object */;
			proxyType = 1;
			remoteGlobalIDString = F8928BFD243A4CDA007A2485;
			remoteInfo = CodeCoverage;
		};
/* End PBXContainerItemProxy section */

/* Begin PBXFileReference section */
		F8928BFE243A4CDA007A2485 /* CodeCoverage.app */ = {isa = PBXFileReference; explicitFileType = wrapper.application; includeInIndex = 0; path = CodeCoverage.app; sourceTree = BUILT_PRODUCTS_DIR; };
		F8928C01243A4CDA007A2485 /* AppDelegate.swift */ = {isa = PBXFileReference; lastKnownFileType = sourcecode.swift; path = AppDelegate.swift; sourceTree = "<group>"; };
		F8928C03243A4CDA007A2485 /* SceneDelegate.swift */ = {isa = PBXFileReference; lastKnownFileType = sourcecode.swift; path = SceneDelegate.swift; sourceTree = "<group>"; };
		F8928C05243A4CDA007A2485 /* ContentView.swift */ = {isa = PBXFileReference; lastKnownFileType = sourcecode.swift; path = ContentView.swift; sourceTree = "<group>"; };
		F8928C07243A4CDC007A2485 /* Assets.xcassets */ = {isa = PBXFileReference; lastKnownFileType = folder.assetcatalog; path = Assets.xcassets; sourceTree = "<group>"; };
		F8928C0A243A4CDC007A2485 /* Preview Assets.xcassets */ = {isa = PBXFileReference; lastKnownFileType = folder.assetcatalog; path = "Preview Assets.xcassets"; sourceTree = "<group>"; };
		F8928C0D243A4CDC007A2485 /* Base */ = {isa = PBXFileReference; lastKnownFileType = file.storyboard; name = Base; path = Base.lproj/LaunchScreen.storyboard; sourceTree = "<group>"; };
		F8928C0F243A4CDC007A2485 /* Info.plist */ = {isa = PBXFileReference; lastKnownFileType = text.plist.xml; path = Info.plist; sourceTree = "<group>"; };
		F8928C14243A4CDD007A2485 /* CodeCoverageTests.xctest */ = {isa = PBXFileReference; explicitFileType = wrapper.cfbundle; includeInIndex = 0; path = CodeCoverageTests.xctest; sourceTree = BUILT_PRODUCTS_DIR; };
		F8928C18243A4CDD007A2485 /* CoveredClassTests.swift */ = {isa = PBXFileReference; lastKnownFileType = sourcecode.swift; path = CoveredClassTests.swift; sourceTree = "<group>"; };
		F8928C1A243A4CDD007A2485 /* Info.plist */ = {isa = PBXFileReference; lastKnownFileType = text.plist.xml; path = Info.plist; sourceTree = "<group>"; };
		F8928C23243A4D02007A2485 /* CoveredClass.swift */ = {isa = PBXFileReference; lastKnownFileType = sourcecode.swift; path = CoveredClass.swift; sourceTree = "<group>"; };
/* End PBXFileReference section */

/* Begin PBXFrameworksBuildPhase section */
		F8928BFB243A4CDA007A2485 /* Frameworks */ = {
			isa = PBXFrameworksBuildPhase;
			buildActionMask = 2147483647;
			files = (
			);
			runOnlyForDeploymentPostprocessing = 0;
		};
		F8928C11243A4CDD007A2485 /* Frameworks */ = {
			isa = PBXFrameworksBuildPhase;
			buildActionMask = 2147483647;
			files = (
			);
			runOnlyForDeploymentPostprocessing = 0;
		};
/* End PBXFrameworksBuildPhase section */

/* Begin PBXGroup section */
		F8928BF5243A4CDA007A2485 = {
			isa = PBXGroup;
			children = (
				F8928C00243A4CDA007A2485 /* CodeCoverage */,
				F8928C17243A4CDD007A2485 /* CodeCoverageTests */,
				F8928BFF243A4CDA007A2485 /* Products */,
			);
			sourceTree = "<group>";
		};
		F8928BFF243A4CDA007A2485 /* Products */ = {
			isa = PBXGroup;
			children = (
				F8928BFE243A4CDA007A2485 /* CodeCoverage.app */,
				F8928C14243A4CDD007A2485 /* CodeCoverageTests.xctest */,
			);
			name = Products;
			sourceTree = "<group>";
		};
		F8928C00243A4CDA007A2485 /* CodeCoverage */ = {
			isa = PBXGroup;
			children = (
				F8928C01243A4CDA007A2485 /* AppDelegate.swift */,
				F8928C03243A4CDA007A2485 /* SceneDelegate.swift */,
				F8928C05243A4CDA007A2485 /* ContentView.swift */,
				F8928C07243A4CDC007A2485 /* Assets.xcassets */,
				F8928C0C243A4CDC007A2485 /* LaunchScreen.storyboard */,
				F8928C0F243A4CDC007A2485 /* Info.plist */,
				F8928C09243A4CDC007A2485 /* Preview Content */,
				F8928C23243A4D02007A2485 /* CoveredClass.swift */,
			);
			path = CodeCoverage;
			sourceTree = "<group>";
		};
		F8928C09243A4CDC007A2485 /* Preview Content */ = {
			isa = PBXGroup;
			children = (
				F8928C0A243A4CDC007A2485 /* Preview Assets.xcassets */,
			);
			path = "Preview Content";
			sourceTree = "<group>";
		};
		F8928C17243A4CDD007A2485 /* CodeCoverageTests */ = {
			isa = PBXGroup;
			children = (
				F8928C18243A4CDD007A2485 /* CoveredClassTests.swift */,
				F8928C1A243A4CDD007A2485 /* Info.plist */,
			);
			path = CodeCoverageTests;
			sourceTree = "<group>";
		};
/* End PBXGroup section */

/* Begin PBXNativeTarget section */
		F8928BFD243A4CDA007A2485 /* CodeCoverage */ = {
			isa = PBXNativeTarget;
			buildConfigurationList = F8928C1D243A4CDD007A2485 /* Build configuration list for PBXNativeTarget "CodeCoverage" */;
			buildPhases = (
				F8928BFA243A4CDA007A2485 /* Sources */,
				F8928BFB243A4CDA007A2485 /* Frameworks */,
				F8928BFC243A4CDA007A2485 /* Resources */,
			);
			buildRules = (
			);
			dependencies = (
			);
			name = CodeCoverage;
			productName = CodeCoverage;
			productReference = F8928BFE243A4CDA007A2485 /* CodeCoverage.app */;
			productType = "com.apple.product-type.application";
		};
		F8928C13243A4CDD007A2485 /* CodeCoverageTests */ = {
			isa = PBXNativeTarget;
			buildConfigurationList = F8928C20243A4CDD007A2485 /* Build configuration list for PBXNativeTarget "CodeCoverageTests" */;
			buildPhases = (
				F8928C10243A4CDD007A2485 /* Sources */,
				F8928C11243A4CDD007A2485 /* Frameworks */,
				F8928C12243A4CDD007A2485 /* Resources */,
			);
			buildRules = (
			);
			dependencies = (
				F8928C16243A4CDD007A2485 /* PBXTargetDependency */,
			);
			name = CodeCoverageTests;
			productName = CodeCoverageTests;
			productReference = F8928C14243A4CDD007A2485 /* CodeCoverageTests.xctest */;
			productType = "com.apple.product-type.bundle.unit-test";
		};
/* End PBXNativeTarget section */

/* Begin PBXProject section */
		F8928BF6243A4CDA007A2485 /* Project object */ = {
			isa = PBXProject;
			attributes = {
				LastSwiftUpdateCheck = 1140;
				LastUpgradeCheck = 1140;
				ORGANIZATIONNAME = "Ben Chatelain";
				TargetAttributes = {
					F8928BFD243A4CDA007A2485 = {
						CreatedOnToolsVersion = 11.4;
					};
					F8928C13243A4CDD007A2485 = {
						CreatedOnToolsVersion = 11.4;
						TestTargetID = F8928BFD243A4CDA007A2485;
					};
				};
			};
			buildConfigurationList = F8928BF9243A4CDA007A2485 /* Build configuration list for PBXProject "CodeCoverage" */;
			compatibilityVersion = "Xcode 9.3";
			developmentRegion = en;
			hasScannedForEncodings = 0;
			knownRegions = (
				en,
				Base,
			);
			mainGroup = F8928BF5243A4CDA007A2485;
			productRefGroup = F8928BFF243A4CDA007A2485 /* Products */;
			projectDirPath = "";
			projectRoot = "";
			targets = (
				F8928BFD243A4CDA007A2485 /* CodeCoverage */,
				F8928C13243A4CDD007A2485 /* CodeCoverageTests */,
			);
		};
/* End PBXProject section */

/* Begin PBXResourcesBuildPhase section */
		F8928BFC243A4CDA007A2485 /* Resources */ = {
			isa = PBXResourcesBuildPhase;
			buildActionMask = 2147483647;
			files = (
				F8928C0E243A4CDC007A2485 /* LaunchScreen.storyboard in Resources */,
				F8928C0B243A4CDC007A2485 /* Preview Assets.xcassets in Resources */,
				F8928C08243A4CDC007A2485 /* Assets.xcassets in Resources */,
			);
			runOnlyForDeploymentPostprocessing = 0;
		};
		F8928C12243A4CDD007A2485 /* Resources */ = {
			isa = PBXResourcesBuildPhase;
			buildActionMask = 2147483647;
			files = (
			);
			runOnlyForDeploymentPostprocessing = 0;
		};
/* End PBXResourcesBuildPhase section */

/* Begin PBXSourcesBuildPhase section */
		F8928BFA243A4CDA007A2485 /* Sources */ = {
			isa = PBXSourcesBuildPhase;
			buildActionMask = 2147483647;
			files = (
				F8928C02243A4CDA007A2485 /* AppDelegate.swift in Sources */,
				F8928C04243A4CDA007A2485 /* SceneDelegate.swift in Sources */,
				F8928C06243A4CDA007A2485 /* ContentView.swift in Sources */,
				F8928C24243A4D02007A2485 /* CoveredClass.swift in Sources */,
			);
			runOnlyForDeploymentPostprocessing = 0;
		};
		F8928C10243A4CDD007A2485 /* Sources */ = {
			isa = PBXSourcesBuildPhase;
			buildActionMask = 2147483647;
			files = (
				F8928C19243A4CDD007A2485 /* CoveredClassTests.swift in Sources */,
			);
			runOnlyForDeploymentPostprocessing = 0;
		};
/* End PBXSourcesBuildPhase section */

/* Begin PBXTargetDependency section */
		F8928C16243A4CDD007A2485 /* PBXTargetDependency */ = {
			isa = PBXTargetDependency;
			target = F8928BFD243A4CDA007A2485 /* CodeCoverage */;
			targetProxy = F8928C15243A4CDD007A2485 /* PBXContainerItemProxy */;
		};
/* End PBXTargetDependency section */

/* Begin PBXVariantGroup section */
		F8928C0C243A4CDC007A2485 /* LaunchScreen.storyboard */ = {
			isa = PBXVariantGroup;
			children = (
				F8928C0D243A4CDC007A2485 /* Base */,
			);
			name = LaunchScreen.storyboard;
			sourceTree = "<group>";
		};
/* End PBXVariantGroup section */

/* Begin XCBuildConfiguration section */
		F8928C1B243A4CDD007A2485 /* Debug */ = {
			isa = XCBuildConfiguration;
			buildSettings = {
				ALWAYS_SEARCH_USER_PATHS = NO;
				CLANG_ANALYZER_NONNULL = YES;
				CLANG_ANALYZER_NUMBER_OBJECT_CONVERSION = YES_AGGRESSIVE;
				CLANG_CXX_LANGUAGE_STANDARD = "gnu++14";
				CLANG_CXX_LIBRARY = "libc++";
				CLANG_ENABLE_MODULES = YES;
				CLANG_ENABLE_OBJC_ARC = YES;
				CLANG_ENABLE_OBJC_WEAK = YES;
				CLANG_WARN_BLOCK_CAPTURE_AUTORELEASING = YES;
				CLANG_WARN_BOOL_CONVERSION = YES;
				CLANG_WARN_COMMA = YES;
				CLANG_WARN_CONSTANT_CONVERSION = YES;
				CLANG_WARN_DEPRECATED_OBJC_IMPLEMENTATIONS = YES;
				CLANG_WARN_DIRECT_OBJC_ISA_USAGE = YES_ERROR;
				CLANG_WARN_DOCUMENTATION_COMMENTS = YES;
				CLANG_WARN_EMPTY_BODY = YES;
				CLANG_WARN_ENUM_CONVERSION = YES;
				CLANG_WARN_INFINITE_RECURSION = YES;
				CLANG_WARN_INT_CONVERSION = YES;
				CLANG_WARN_NON_LITERAL_NULL_CONVERSION = YES;
				CLANG_WARN_OBJC_IMPLICIT_RETAIN_SELF = YES;
				CLANG_WARN_OBJC_LITERAL_CONVERSION = YES;
				CLANG_WARN_OBJC_ROOT_CLASS = YES_ERROR;
				CLANG_WARN_RANGE_LOOP_ANALYSIS = YES;
				CLANG_WARN_STRICT_PROTOTYPES = YES;
				CLANG_WARN_SUSPICIOUS_MOVE = YES;
				CLANG_WARN_UNGUARDED_AVAILABILITY = YES_AGGRESSIVE;
				CLANG_WARN_UNREACHABLE_CODE = YES;
				CLANG_WARN__DUPLICATE_METHOD_MATCH = YES;
				COPY_PHASE_STRIP = NO;
				DEBUG_INFORMATION_FORMAT = dwarf;
				ENABLE_STRICT_OBJC_MSGSEND = YES;
				ENABLE_TESTABILITY = YES;
				GCC_C_LANGUAGE_STANDARD = gnu11;
				GCC_DYNAMIC_NO_PIC = NO;
				GCC_NO_COMMON_BLOCKS = YES;
				GCC_OPTIMIZATION_LEVEL = 0;
				GCC_PREPROCESSOR_DEFINITIONS = (
					"DEBUG=1",
					"$(inherited)",
				);
				GCC_WARN_64_TO_32_BIT_CONVERSION = YES;
				GCC_WARN_ABOUT_RETURN_TYPE = YES_ERROR;
				GCC_WARN_UNDECLARED_SELECTOR = YES;
				GCC_WARN_UNINITIALIZED_AUTOS = YES_AGGRESSIVE;
				GCC_WARN_UNUSED_FUNCTION = YES;
				GCC_WARN_UNUSED_VARIABLE = YES;
				IPHONEOS_DEPLOYMENT_TARGET = 13.4;
				MTL_ENABLE_DEBUG_INFO = INCLUDE_SOURCE;
				MTL_FAST_MATH = YES;
				ONLY_ACTIVE_ARCH = YES;
				SDKROOT = iphoneos;
				SWIFT_ACTIVE_COMPILATION_CONDITIONS = DEBUG;
				SWIFT_OPTIMIZATION_LEVEL = "-Onone";
			};
			name = Debug;
		};
		F8928C1C243A4CDD007A2485 /* Release */ = {
			isa = XCBuildConfiguration;
			buildSettings = {
				ALWAYS_SEARCH_USER_PATHS = NO;
				CLANG_ANALYZER_NONNULL = YES;
				CLANG_ANALYZER_NUMBER_OBJECT_CONVERSION = YES_AGGRESSIVE;
				CLANG_CXX_LANGUAGE_STANDARD = "gnu++14";
				CLANG_CXX_LIBRARY = "libc++";
				CLANG_ENABLE_MODULES = YES;
				CLANG_ENABLE_OBJC_ARC = YES;
				CLANG_ENABLE_OBJC_WEAK = YES;
				CLANG_WARN_BLOCK_CAPTURE_AUTORELEASING = YES;
				CLANG_WARN_BOOL_CONVERSION = YES;
				CLANG_WARN_COMMA = YES;
				CLANG_WARN_CONSTANT_CONVERSION = YES;
				CLANG_WARN_DEPRECATED_OBJC_IMPLEMENTATIONS = YES;
				CLANG_WARN_DIRECT_OBJC_ISA_USAGE = YES_ERROR;
				CLANG_WARN_DOCUMENTATION_COMMENTS = YES;
				CLANG_WARN_EMPTY_BODY = YES;
				CLANG_WARN_ENUM_CONVERSION = YES;
				CLANG_WARN_INFINITE_RECURSION = YES;
				CLANG_WARN_INT_CONVERSION = YES;
				CLANG_WARN_NON_LITERAL_NULL_CONVERSION = YES;
				CLANG_WARN_OBJC_IMPLICIT_RETAIN_SELF = YES;
				CLANG_WARN_OBJC_LITERAL_CONVERSION = YES;
				CLANG_WARN_OBJC_ROOT_CLASS = YES_ERROR;
				CLANG_WARN_RANGE_LOOP_ANALYSIS = YES;
				CLANG_WARN_STRICT_PROTOTYPES = YES;
				CLANG_WARN_SUSPICIOUS_MOVE = YES;
				CLANG_WARN_UNGUARDED_AVAILABILITY = YES_AGGRESSIVE;
				CLANG_WARN_UNREACHABLE_CODE = YES;
				CLANG_WARN__DUPLICATE_METHOD_MATCH = YES;
				COPY_PHASE_STRIP = NO;
				DEBUG_INFORMATION_FORMAT = "dwarf-with-dsym";
				ENABLE_NS_ASSERTIONS = NO;
				ENABLE_STRICT_OBJC_MSGSEND = YES;
				GCC_C_LANGUAGE_STANDARD = gnu11;
				GCC_NO_COMMON_BLOCKS = YES;
				GCC_WARN_64_TO_32_BIT_CONVERSION = YES;
				GCC_WARN_ABOUT_RETURN_TYPE = YES_ERROR;
				GCC_WARN_UNDECLARED_SELECTOR = YES;
				GCC_WARN_UNINITIALIZED_AUTOS = YES_AGGRESSIVE;
				GCC_WARN_UNUSED_FUNCTION = YES;
				GCC_WARN_UNUSED_VARIABLE = YES;
				IPHONEOS_DEPLOYMENT_TARGET = 13.4;
				MTL_ENABLE_DEBUG_INFO = NO;
				MTL_FAST_MATH = YES;
				SDKROOT = iphoneos;
				SWIFT_COMPILATION_MODE = wholemodule;
				SWIFT_OPTIMIZATION_LEVEL = "-O";
				VALIDATE_PRODUCT = YES;
			};
			name = Release;
		};
		F8928C1E243A4CDD007A2485 /* Debug */ = {
			isa = XCBuildConfiguration;
			buildSettings = {
				ASSETCATALOG_COMPILER_APPICON_NAME = AppIcon;
				CODE_SIGN_STYLE = Automatic;
				DEVELOPMENT_ASSET_PATHS = "\"CodeCoverage/Preview Content\"";
				DEVELOPMENT_TEAM = MTGSZH8QM4;
				ENABLE_PREVIEWS = YES;
				INFOPLIST_FILE = CodeCoverage/Info.plist;
				LD_RUNPATH_SEARCH_PATHS = (
					"$(inherited)",
					"@executable_path/Frameworks",
				);
				PRODUCT_BUNDLE_IDENTIFIER = at.phatbl.CodeCoverage;
				PRODUCT_NAME = "$(TARGET_NAME)";
				SWIFT_VERSION = 5.0;
				TARGETED_DEVICE_FAMILY = "1,2";
			};
			name = Debug;
		};
		F8928C1F243A4CDD007A2485 /* Release */ = {
			isa = XCBuildConfiguration;
			buildSettings = {
				ASSETCATALOG_COMPILER_APPICON_NAME = AppIcon;
				CODE_SIGN_STYLE = Automatic;
				DEVELOPMENT_ASSET_PATHS = "\"CodeCoverage/Preview Content\"";
				DEVELOPMENT_TEAM = MTGSZH8QM4;
				ENABLE_PREVIEWS = YES;
				INFOPLIST_FILE = CodeCoverage/Info.plist;
				LD_RUNPATH_SEARCH_PATHS = (
					"$(inherited)",
					"@executable_path/Frameworks",
				);
				PRODUCT_BUNDLE_IDENTIFIER = at.phatbl.CodeCoverage;
				PRODUCT_NAME = "$(TARGET_NAME)";
				SWIFT_VERSION = 5.0;
				TARGETED_DEVICE_FAMILY = "1,2";
			};
			name = Release;
		};
		F8928C21243A4CDD007A2485 /* Debug */ = {
			isa = XCBuildConfiguration;
			buildSettings = {
				ALWAYS_EMBED_SWIFT_STANDARD_LIBRARIES = YES;
				BUNDLE_LOADER = "$(TEST_HOST)";
				CODE_SIGN_STYLE = Automatic;
				DEVELOPMENT_TEAM = MTGSZH8QM4;
				INFOPLIST_FILE = CodeCoverageTests/Info.plist;
				IPHONEOS_DEPLOYMENT_TARGET = 13.4;
				LD_RUNPATH_SEARCH_PATHS = (
					"$(inherited)",
					"@executable_path/Frameworks",
					"@loader_path/Frameworks",
				);
				PRODUCT_BUNDLE_IDENTIFIER = at.phatbl.CodeCoverageTests;
				PRODUCT_NAME = "$(TARGET_NAME)";
				SWIFT_VERSION = 5.0;
				TARGETED_DEVICE_FAMILY = "1,2";
				TEST_HOST = "$(BUILT_PRODUCTS_DIR)/CodeCoverage.app/CodeCoverage";
			};
			name = Debug;
		};
		F8928C22243A4CDD007A2485 /* Release */ = {
			isa = XCBuildConfiguration;
			buildSettings = {
				ALWAYS_EMBED_SWIFT_STANDARD_LIBRARIES = YES;
				BUNDLE_LOADER = "$(TEST_HOST)";
				CODE_SIGN_STYLE = Automatic;
				DEVELOPMENT_TEAM = MTGSZH8QM4;
				INFOPLIST_FILE = CodeCoverageTests/Info.plist;
				IPHONEOS_DEPLOYMENT_TARGET = 13.4;
				LD_RUNPATH_SEARCH_PATHS = (
					"$(inherited)",
					"@executable_path/Frameworks",
					"@loader_path/Frameworks",
				);
				PRODUCT_BUNDLE_IDENTIFIER = at.phatbl.CodeCoverageTests;
				PRODUCT_NAME = "$(TARGET_NAME)";
				SWIFT_VERSION = 5.0;
				TARGETED_DEVICE_FAMILY = "1,2";
				TEST_HOST = "$(BUILT_PRODUCTS_DIR)/CodeCoverage.app/CodeCoverage";
			};
			name = Release;
		};
/* End XCBuildConfiguration section */

/* Begin XCConfigurationList section */
		F8928BF9243A4CDA007A2485 /* Build configuration list for PBXProject "CodeCoverage" */ = {
			isa = XCConfigurationList;
			buildConfigurations = (
				F8928C1B243A4CDD007A2485 /* Debug */,
				F8928C1C243A4CDD007A2485 /* Release */,
			);
			defaultConfigurationIsVisible = 0;
			defaultConfigurationName = Release;
		};
		F8928C1D243A4CDD007A2485 /* Build configuration list for PBXNativeTarget "CodeCoverage" */ = {
			isa = XCConfigurationList;
			buildConfigurations = (
				F8928C1E243A4CDD007A2485 /* Debug */,
				F8928C1F243A4CDD007A2485 /* Release */,
			);
			defaultConfigurationIsVisible = 0;
			defaultConfigurationName = Release;
		};
		F8928C20243A4CDD007A2485 /* Build configuration list for PBXNativeTarget "CodeCoverageTests" */ = {
			isa = XCConfigurationList;
			buildConfigurations = (
				F8928C21243A4CDD007A2485 /* Debug */,
				F8928C22243A4CDD007A2485 /* Release */,
			);
			defaultConfigurationIsVisible = 0;
			defaultConfigurationName = Release;
		};
/* End XCConfigurationList section */
	};
	rootObject = F8928BF6243A4CDA007A2485 /* Project object */;
}
